// !$*UTF8*$!
{
	archiveVersion = 1;
	classes = {
	};
	objectVersion = 46;
	objects = {

/* Begin PBXBuildFile section */
		091CD626FECB03B3A6B3A1B2 /* PAW.cc in Sources */ = {isa = PBXBuildFile; fileRef = 04BD78075F8C2DEC76B2F33A /* PAW.cc */; };
		24735CD2E138DC5C1F0A1085 /* ofxFaceTracker.cpp in Sources */ = {isa = PBXBuildFile; fileRef = 185BB9B07B8DB74BD2D3211F /* ofxFaceTracker.cpp */; };
		4F02F4D92C36436C945A6716 /* Patch.cc in Sources */ = {isa = PBXBuildFile; fileRef = 3769B74412282AEFEBDD8C86 /* Patch.cc */; };
		6E23C8DD86B189759F85B24F /* FDet.cc in Sources */ = {isa = PBXBuildFile; fileRef = CF243F4577A116D71116C5C8 /* FDet.cc */; };
		80AE40254BBE0F03C25563C1 /* CLM.cc in Sources */ = {isa = PBXBuildFile; fileRef = BE9718AC2BA4516A804EE019 /* CLM.cc */; };
		8AC885FBC5325950337592D2 /* ExpressionClassifier.cpp in Sources */ = {isa = PBXBuildFile; fileRef = C4F6F873496C3527A28B87F4 /* ExpressionClassifier.cpp */; };
		9F4DA577D30F7B7CA7B8E5F8 /* FCheck.cc in Sources */ = {isa = PBXBuildFile; fileRef = C415F439B09BAEBA3FB3710F /* FCheck.cc */; };
		C665720C1C0D202300D88CBE /* ETF.cpp in Sources */ = {isa = PBXBuildFile; fileRef = C66571EF1C0D202300D88CBE /* ETF.cpp */; };
		C665720D1C0D202300D88CBE /* fdog.cpp in Sources */ = {isa = PBXBuildFile; fileRef = C66571F01C0D202300D88CBE /* fdog.cpp */; };
		C665720E1C0D202300D88CBE /* Calibration.cpp in Sources */ = {isa = PBXBuildFile; fileRef = C66572001C0D202300D88CBE /* Calibration.cpp */; };
		C665720F1C0D202300D88CBE /* ContourFinder.cpp in Sources */ = {isa = PBXBuildFile; fileRef = C66572011C0D202300D88CBE /* ContourFinder.cpp */; };
		C66572101C0D202300D88CBE /* Distance.cpp in Sources */ = {isa = PBXBuildFile; fileRef = C66572021C0D202300D88CBE /* Distance.cpp */; };
		C66572111C0D202300D88CBE /* Flow.cpp in Sources */ = {isa = PBXBuildFile; fileRef = C66572031C0D202300D88CBE /* Flow.cpp */; };
		C66572121C0D202300D88CBE /* Helpers.cpp in Sources */ = {isa = PBXBuildFile; fileRef = C66572041C0D202300D88CBE /* Helpers.cpp */; };
		C66572131C0D202300D88CBE /* Kalman.cpp in Sources */ = {isa = PBXBuildFile; fileRef = C66572051C0D202300D88CBE /* Kalman.cpp */; };
		C66572141C0D202300D88CBE /* ObjectFinder.cpp in Sources */ = {isa = PBXBuildFile; fileRef = C66572061C0D202300D88CBE /* ObjectFinder.cpp */; };
		C66572151C0D202300D88CBE /* RunningBackground.cpp in Sources */ = {isa = PBXBuildFile; fileRef = C66572071C0D202300D88CBE /* RunningBackground.cpp */; };
		C66572161C0D202300D88CBE /* Tracker.cpp in Sources */ = {isa = PBXBuildFile; fileRef = C66572081C0D202300D88CBE /* Tracker.cpp */; };
		C66572171C0D202300D88CBE /* Utilities.cpp in Sources */ = {isa = PBXBuildFile; fileRef = C66572091C0D202300D88CBE /* Utilities.cpp */; };
		C66572181C0D202300D88CBE /* Wrappers.cpp in Sources */ = {isa = PBXBuildFile; fileRef = C665720A1C0D202300D88CBE /* Wrappers.cpp */; };
		C66572191C0D202300D88CBE /* opencv.a in Frameworks */ = {isa = PBXBuildFile; fileRef = C665720B1C0D202300D88CBE /* opencv.a */; };
		DE44164709810C299EAAB202 /* IO.cc in Sources */ = {isa = PBXBuildFile; fileRef = D0FB15518FE16B361D561235 /* IO.cc */; };
		E4328149138ABC9F0047C5CB /* openFrameworksDebug.a in Frameworks */ = {isa = PBXBuildFile; fileRef = E4328148138ABC890047C5CB /* openFrameworksDebug.a */; };
		E43C5A4AB73C09290F70362D /* Tracker.cc in Sources */ = {isa = PBXBuildFile; fileRef = 6B019CCE940383653B1DBB5B /* Tracker.cc */; };
		E4B69E200A3A1BDC003C02F2 /* main.cpp in Sources */ = {isa = PBXBuildFile; fileRef = E4B69E1D0A3A1BDC003C02F2 /* main.cpp */; };
		E4B69E210A3A1BDC003C02F2 /* ofApp.cpp in Sources */ = {isa = PBXBuildFile; fileRef = E4B69E1E0A3A1BDC003C02F2 /* ofApp.cpp */; };
		E6E21460246219EE9394310F /* PDM.cc in Sources */ = {isa = PBXBuildFile; fileRef = DAE0121070E51316AFDAA2AE /* PDM.cc */; };
		F451166A6C72528F3F009F6C /* Expression.cpp in Sources */ = {isa = PBXBuildFile; fileRef = 4A540C8561D44FEEAF5641D0 /* Expression.cpp */; };
/* End PBXBuildFile section */

/* Begin PBXContainerItemProxy section */
		E4328147138ABC890047C5CB /* PBXContainerItemProxy */ = {
			isa = PBXContainerItemProxy;
			containerPortal = E4328143138ABC890047C5CB /* openFrameworksLib.xcodeproj */;
			proxyType = 2;
			remoteGlobalIDString = E4B27C1510CBEB8E00536013;
			remoteInfo = openFrameworks;
		};
		E4EEB9AB138B136A00A80321 /* PBXContainerItemProxy */ = {
			isa = PBXContainerItemProxy;
			containerPortal = E4328143138ABC890047C5CB /* openFrameworksLib.xcodeproj */;
			proxyType = 1;
			remoteGlobalIDString = E4B27C1410CBEB8E00536013;
			remoteInfo = openFrameworks;
		};
/* End PBXContainerItemProxy section */

/* Begin PBXCopyFilesBuildPhase section */
		E4C2427710CC5ABF004149E2 /* CopyFiles */ = {
			isa = PBXCopyFilesBuildPhase;
			buildActionMask = 2147483647;
			dstPath = "";
			dstSubfolderSpec = 10;
			files = (
			);
			runOnlyForDeploymentPostprocessing = 0;
		};
/* End PBXCopyFilesBuildPhase section */

/* Begin PBXFileReference section */
		04BD78075F8C2DEC76B2F33A /* PAW.cc */ = {isa = PBXFileReference; explicitFileType = sourcecode.cpp.cpp; fileEncoding = 30; name = PAW.cc; path = ../../../addons/ofxFaceTracker/libs/FaceTracker/src/lib/PAW.cc; sourceTree = SOURCE_ROOT; };
		185BB9B07B8DB74BD2D3211F /* ofxFaceTracker.cpp */ = {isa = PBXFileReference; explicitFileType = sourcecode.cpp.cpp; fileEncoding = 30; name = ofxFaceTracker.cpp; path = ../../../addons/ofxFaceTracker/src/ofxFaceTracker.cpp; sourceTree = SOURCE_ROOT; };
		19660B42DF06415007708495 /* IO.h */ = {isa = PBXFileReference; explicitFileType = sourcecode.c.h; fileEncoding = 30; name = IO.h; path = ../../../addons/ofxFaceTracker/libs/FaceTracker/include/FaceTracker/IO.h; sourceTree = SOURCE_ROOT; };
		3769B74412282AEFEBDD8C86 /* Patch.cc */ = {isa = PBXFileReference; explicitFileType = sourcecode.cpp.cpp; fileEncoding = 30; name = Patch.cc; path = ../../../addons/ofxFaceTracker/libs/FaceTracker/src/lib/Patch.cc; sourceTree = SOURCE_ROOT; };
		4A520FABAFEBECF618A87D91 /* FDet.h */ = {isa = PBXFileReference; explicitFileType = sourcecode.c.h; fileEncoding = 30; name = FDet.h; path = ../../../addons/ofxFaceTracker/libs/FaceTracker/include/FaceTracker/FDet.h; sourceTree = SOURCE_ROOT; };
		4A540C8561D44FEEAF5641D0 /* Expression.cpp */ = {isa = PBXFileReference; explicitFileType = sourcecode.cpp.cpp; fileEncoding = 30; name = Expression.cpp; path = ../../../addons/ofxFaceTracker/src/Expression.cpp; sourceTree = SOURCE_ROOT; };
		4ED0189D042D221948271DA2 /* PAW.h */ = {isa = PBXFileReference; explicitFileType = sourcecode.c.h; fileEncoding = 30; name = PAW.h; path = ../../../addons/ofxFaceTracker/libs/FaceTracker/include/FaceTracker/PAW.h; sourceTree = SOURCE_ROOT; };
		5034E204517C46FCBAB26BB3 /* FCheck.h */ = {isa = PBXFileReference; explicitFileType = sourcecode.c.h; fileEncoding = 30; name = FCheck.h; path = ../../../addons/ofxFaceTracker/libs/FaceTracker/include/FaceTracker/FCheck.h; sourceTree = SOURCE_ROOT; };
		6B019CCE940383653B1DBB5B /* Tracker.cc */ = {isa = PBXFileReference; explicitFileType = sourcecode.cpp.cpp; fileEncoding = 30; name = Tracker.cc; path = ../../../addons/ofxFaceTracker/libs/FaceTracker/src/lib/Tracker.cc; sourceTree = SOURCE_ROOT; };
		9983B45C4BCBC6E62F11CA89 /* ofxFaceTracker.h */ = {isa = PBXFileReference; explicitFileType = sourcecode.c.h; fileEncoding = 30; name = ofxFaceTracker.h; path = ../../../addons/ofxFaceTracker/src/ofxFaceTracker.h; sourceTree = SOURCE_ROOT; };
		BC378899A000AA03D8319C6D /* ofxFaceTrackerThreaded.h */ = {isa = PBXFileReference; explicitFileType = sourcecode.c.h; fileEncoding = 30; name = ofxFaceTrackerThreaded.h; path = ../../../addons/ofxFaceTracker/src/ofxFaceTrackerThreaded.h; sourceTree = SOURCE_ROOT; };
		BE9718AC2BA4516A804EE019 /* CLM.cc */ = {isa = PBXFileReference; explicitFileType = sourcecode.cpp.cpp; fileEncoding = 30; name = CLM.cc; path = ../../../addons/ofxFaceTracker/libs/FaceTracker/src/lib/CLM.cc; sourceTree = SOURCE_ROOT; };
		C415F439B09BAEBA3FB3710F /* FCheck.cc */ = {isa = PBXFileReference; explicitFileType = sourcecode.cpp.cpp; fileEncoding = 30; name = FCheck.cc; path = ../../../addons/ofxFaceTracker/libs/FaceTracker/src/lib/FCheck.cc; sourceTree = SOURCE_ROOT; };
		C4F6F873496C3527A28B87F4 /* ExpressionClassifier.cpp */ = {isa = PBXFileReference; explicitFileType = sourcecode.cpp.cpp; fileEncoding = 30; name = ExpressionClassifier.cpp; path = ../../../addons/ofxFaceTracker/src/ExpressionClassifier.cpp; sourceTree = SOURCE_ROOT; };
		C66571E41C0D202300D88CBE /* ofxCv.h */ = {isa = PBXFileReference; lastKnownFileType = sourcecode.c.h; path = ofxCv.h; sourceTree = "<group>"; };
		C66571E61C0D202300D88CBE /* .gitignore */ = {isa = PBXFileReference; lastKnownFileType = text; path = .gitignore; sourceTree = "<group>"; };
		C66571EA1C0D202300D88CBE /* ETF.h */ = {isa = PBXFileReference; lastKnownFileType = sourcecode.c.h; path = ETF.h; sourceTree = "<group>"; };
		C66571EB1C0D202300D88CBE /* fdog.h */ = {isa = PBXFileReference; lastKnownFileType = sourcecode.c.h; path = fdog.h; sourceTree = "<group>"; };
		C66571EC1C0D202300D88CBE /* imatrix.h */ = {isa = PBXFileReference; lastKnownFileType = sourcecode.c.h; path = imatrix.h; sourceTree = "<group>"; };
		C66571ED1C0D202300D88CBE /* myvec.h */ = {isa = PBXFileReference; lastKnownFileType = sourcecode.c.h; path = myvec.h; sourceTree = "<group>"; };
		C66571EF1C0D202300D88CBE /* ETF.cpp */ = {isa = PBXFileReference; lastKnownFileType = sourcecode.cpp.cpp; path = ETF.cpp; sourceTree = "<group>"; };
		C66571F01C0D202300D88CBE /* fdog.cpp */ = {isa = PBXFileReference; lastKnownFileType = sourcecode.cpp.cpp; path = fdog.cpp; sourceTree = "<group>"; };
		C66571F41C0D202300D88CBE /* Calibration.h */ = {isa = PBXFileReference; lastKnownFileType = sourcecode.c.h; path = Calibration.h; sourceTree = "<group>"; };
		C66571F51C0D202300D88CBE /* ContourFinder.h */ = {isa = PBXFileReference; lastKnownFileType = sourcecode.c.h; path = ContourFinder.h; sourceTree = "<group>"; };
		C66571F61C0D202300D88CBE /* Distance.h */ = {isa = PBXFileReference; lastKnownFileType = sourcecode.c.h; path = Distance.h; sourceTree = "<group>"; };
		C66571F71C0D202300D88CBE /* Flow.h */ = {isa = PBXFileReference; lastKnownFileType = sourcecode.c.h; path = Flow.h; sourceTree = "<group>"; };
		C66571F81C0D202300D88CBE /* Helpers.h */ = {isa = PBXFileReference; lastKnownFileType = sourcecode.c.h; path = Helpers.h; sourceTree = "<group>"; };
		C66571F91C0D202300D88CBE /* Kalman.h */ = {isa = PBXFileReference; lastKnownFileType = sourcecode.c.h; path = Kalman.h; sourceTree = "<group>"; };
		C66571FA1C0D202300D88CBE /* ObjectFinder.h */ = {isa = PBXFileReference; lastKnownFileType = sourcecode.c.h; path = ObjectFinder.h; sourceTree = "<group>"; };
		C66571FB1C0D202300D88CBE /* RunningBackground.h */ = {isa = PBXFileReference; lastKnownFileType = sourcecode.c.h; path = RunningBackground.h; sourceTree = "<group>"; };
		C66571FC1C0D202300D88CBE /* Tracker.h */ = {isa = PBXFileReference; lastKnownFileType = sourcecode.c.h; path = Tracker.h; sourceTree = "<group>"; };
		C66571FD1C0D202300D88CBE /* Utilities.h */ = {isa = PBXFileReference; lastKnownFileType = sourcecode.c.h; path = Utilities.h; sourceTree = "<group>"; };
		C66571FE1C0D202300D88CBE /* Wrappers.h */ = {isa = PBXFileReference; lastKnownFileType = sourcecode.c.h; path = Wrappers.h; sourceTree = "<group>"; };
		C66572001C0D202300D88CBE /* Calibration.cpp */ = {isa = PBXFileReference; lastKnownFileType = sourcecode.cpp.cpp; path = Calibration.cpp; sourceTree = "<group>"; };
		C66572011C0D202300D88CBE /* ContourFinder.cpp */ = {isa = PBXFileReference; lastKnownFileType = sourcecode.cpp.cpp; path = ContourFinder.cpp; sourceTree = "<group>"; };
		C66572021C0D202300D88CBE /* Distance.cpp */ = {isa = PBXFileReference; lastKnownFileType = sourcecode.cpp.cpp; path = Distance.cpp; sourceTree = "<group>"; };
		C66572031C0D202300D88CBE /* Flow.cpp */ = {isa = PBXFileReference; lastKnownFileType = sourcecode.cpp.cpp; path = Flow.cpp; sourceTree = "<group>"; };
		C66572041C0D202300D88CBE /* Helpers.cpp */ = {isa = PBXFileReference; lastKnownFileType = sourcecode.cpp.cpp; path = Helpers.cpp; sourceTree = "<group>"; };
		C66572051C0D202300D88CBE /* Kalman.cpp */ = {isa = PBXFileReference; lastKnownFileType = sourcecode.cpp.cpp; path = Kalman.cpp; sourceTree = "<group>"; };
		C66572061C0D202300D88CBE /* ObjectFinder.cpp */ = {isa = PBXFileReference; lastKnownFileType = sourcecode.cpp.cpp; path = ObjectFinder.cpp; sourceTree = "<group>"; };
		C66572071C0D202300D88CBE /* RunningBackground.cpp */ = {isa = PBXFileReference; lastKnownFileType = sourcecode.cpp.cpp; path = RunningBackground.cpp; sourceTree = "<group>"; };
		C66572081C0D202300D88CBE /* Tracker.cpp */ = {isa = PBXFileReference; lastKnownFileType = sourcecode.cpp.cpp; path = Tracker.cpp; sourceTree = "<group>"; };
		C66572091C0D202300D88CBE /* Utilities.cpp */ = {isa = PBXFileReference; lastKnownFileType = sourcecode.cpp.cpp; path = Utilities.cpp; sourceTree = "<group>"; };
		C665720A1C0D202300D88CBE /* Wrappers.cpp */ = {isa = PBXFileReference; lastKnownFileType = sourcecode.cpp.cpp; path = Wrappers.cpp; sourceTree = "<group>"; };
		C665720B1C0D202300D88CBE /* opencv.a */ = {isa = PBXFileReference; lastKnownFileType = archive.ar; name = opencv.a; path = ../../../addons/ofxCv/../ofxOpenCv/libs/opencv/lib/osx/opencv.a; sourceTree = "<group>"; };
		C85A383D09885563499FA901 /* PDM.h */ = {isa = PBXFileReference; explicitFileType = sourcecode.c.h; fileEncoding = 30; name = PDM.h; path = ../../../addons/ofxFaceTracker/libs/FaceTracker/include/FaceTracker/PDM.h; sourceTree = SOURCE_ROOT; };
		CF243F4577A116D71116C5C8 /* FDet.cc */ = {isa = PBXFileReference; explicitFileType = sourcecode.cpp.cpp; fileEncoding = 30; name = FDet.cc; path = ../../../addons/ofxFaceTracker/libs/FaceTracker/src/lib/FDet.cc; sourceTree = SOURCE_ROOT; };
		D0FB15518FE16B361D561235 /* IO.cc */ = {isa = PBXFileReference; explicitFileType = sourcecode.cpp.cpp; fileEncoding = 30; name = IO.cc; path = ../../../addons/ofxFaceTracker/libs/FaceTracker/src/lib/IO.cc; sourceTree = SOURCE_ROOT; };
		D6D617703C368FA860A714A8 /* CLM.h */ = {isa = PBXFileReference; explicitFileType = sourcecode.c.h; fileEncoding = 30; name = CLM.h; path = ../../../addons/ofxFaceTracker/libs/FaceTracker/include/FaceTracker/CLM.h; sourceTree = SOURCE_ROOT; };
		D7FC0C82351EE2E8ED7786B0 /* ExpressionClassifier.h */ = {isa = PBXFileReference; explicitFileType = sourcecode.c.h; fileEncoding = 30; name = ExpressionClassifier.h; path = ../../../addons/ofxFaceTracker/src/ExpressionClassifier.h; sourceTree = SOURCE_ROOT; };
		DAE0121070E51316AFDAA2AE /* PDM.cc */ = {isa = PBXFileReference; explicitFileType = sourcecode.cpp.cpp; fileEncoding = 30; name = PDM.cc; path = ../../../addons/ofxFaceTracker/libs/FaceTracker/src/lib/PDM.cc; sourceTree = SOURCE_ROOT; };
		E4328143138ABC890047C5CB /* openFrameworksLib.xcodeproj */ = {isa = PBXFileReference; lastKnownFileType = "wrapper.pb-project"; name = openFrameworksLib.xcodeproj; path = ../../../libs/openFrameworksCompiled/project/osx/openFrameworksLib.xcodeproj; sourceTree = SOURCE_ROOT; };
		E45FD4B5C40A57B52BBDF8FE /* Tracker.h */ = {isa = PBXFileReference; explicitFileType = sourcecode.c.h; fileEncoding = 30; name = Tracker.h; path = ../../../addons/ofxFaceTracker/libs/FaceTracker/include/FaceTracker/Tracker.h; sourceTree = SOURCE_ROOT; };
		E4B69B5B0A3A1756003C02F2 /* ofFinalDebug.app */ = {isa = PBXFileReference; explicitFileType = wrapper.application; includeInIndex = 0; path = ofFinalDebug.app; sourceTree = BUILT_PRODUCTS_DIR; };
		E4B69E1D0A3A1BDC003C02F2 /* main.cpp */ = {isa = PBXFileReference; fileEncoding = 30; lastKnownFileType = sourcecode.cpp.cpp; name = main.cpp; path = src/main.cpp; sourceTree = SOURCE_ROOT; };
		E4B69E1E0A3A1BDC003C02F2 /* ofApp.cpp */ = {isa = PBXFileReference; explicitFileType = sourcecode.cpp.cpp; fileEncoding = 30; name = ofApp.cpp; path = src/ofApp.cpp; sourceTree = SOURCE_ROOT; };
		E4B69E1F0A3A1BDC003C02F2 /* ofApp.h */ = {isa = PBXFileReference; fileEncoding = 30; lastKnownFileType = sourcecode.c.h; name = ofApp.h; path = src/ofApp.h; sourceTree = SOURCE_ROOT; };
		E4B6FCAD0C3E899E008CF71C /* openFrameworks-Info.plist */ = {isa = PBXFileReference; fileEncoding = 30; lastKnownFileType = text.plist.xml; path = "openFrameworks-Info.plist"; sourceTree = "<group>"; };
		E4EB691F138AFCF100A09F29 /* CoreOF.xcconfig */ = {isa = PBXFileReference; fileEncoding = 4; lastKnownFileType = text.xcconfig; name = CoreOF.xcconfig; path = ../../../libs/openFrameworksCompiled/project/osx/CoreOF.xcconfig; sourceTree = SOURCE_ROOT; };
		E4EB6923138AFD0F00A09F29 /* Project.xcconfig */ = {isa = PBXFileReference; fileEncoding = 4; lastKnownFileType = text.xcconfig; path = Project.xcconfig; sourceTree = "<group>"; };
		E5ACB6B21FDA44C9B21F2B5D /* Patch.h */ = {isa = PBXFileReference; explicitFileType = sourcecode.c.h; fileEncoding = 30; name = Patch.h; path = ../../../addons/ofxFaceTracker/libs/FaceTracker/include/FaceTracker/Patch.h; sourceTree = SOURCE_ROOT; };
		F770DA84DFD6BF6A87C2A1BA /* Expression.h */ = {isa = PBXFileReference; explicitFileType = sourcecode.c.h; fileEncoding = 30; name = Expression.h; path = ../../../addons/ofxFaceTracker/src/Expression.h; sourceTree = SOURCE_ROOT; };
/* End PBXFileReference section */

/* Begin PBXFrameworksBuildPhase section */
		E4B69B590A3A1756003C02F2 /* Frameworks */ = {
			isa = PBXFrameworksBuildPhase;
			buildActionMask = 2147483647;
			files = (
				C66572191C0D202300D88CBE /* opencv.a in Frameworks */,
				E4328149138ABC9F0047C5CB /* openFrameworksDebug.a in Frameworks */,
			);
			runOnlyForDeploymentPostprocessing = 0;
		};
/* End PBXFrameworksBuildPhase section */

/* Begin PBXGroup section */
		2B86176FA97BFB2BEE1F2F83 /* ofxFaceTracker */ = {
			isa = PBXGroup;
			children = (
				EE1E8A73C6C6A1D433F5FA51 /* src */,
				96E8AB44895C3D65BDB04141 /* libs */,
			);
			name = ofxFaceTracker;
			sourceTree = "<group>";
		};
		6948EE371B920CB800B5AC1A /* local_addons */ = {
			isa = PBXGroup;
			children = (
			);
			name = local_addons;
			sourceTree = "<group>";
		};
		74312553B85B0FAC32207F8A /* lib */ = {
			isa = PBXGroup;
			children = (
				BE9718AC2BA4516A804EE019 /* CLM.cc */,
				C415F439B09BAEBA3FB3710F /* FCheck.cc */,
				CF243F4577A116D71116C5C8 /* FDet.cc */,
				D0FB15518FE16B361D561235 /* IO.cc */,
				3769B74412282AEFEBDD8C86 /* Patch.cc */,
				04BD78075F8C2DEC76B2F33A /* PAW.cc */,
				DAE0121070E51316AFDAA2AE /* PDM.cc */,
				6B019CCE940383653B1DBB5B /* Tracker.cc */,
			);
			name = lib;
			sourceTree = "<group>";
		};
		8B6D45C09E1EE5AA0A7EC645 /* FaceTracker */ = {
			isa = PBXGroup;
			children = (
				FA7DE18CAD263BF5D191DB1B /* include */,
				EE7AB71CA23FB7FF1C5A1E69 /* src */,
			);
			name = FaceTracker;
			sourceTree = "<group>";
		};
		96E8AB44895C3D65BDB04141 /* libs */ = {
			isa = PBXGroup;
			children = (
				8B6D45C09E1EE5AA0A7EC645 /* FaceTracker */,
			);
			name = libs;
			sourceTree = "<group>";
		};
		BB4B014C10F69532006C3DED /* addons */ = {
			isa = PBXGroup;
			children = (
				2B86176FA97BFB2BEE1F2F83 /* ofxFaceTracker */,
				C66571E21C0D202300D88CBE /* ofxCv */,
			);
			name = addons;
			sourceTree = "<group>";
		};
		C66571E21C0D202300D88CBE /* ofxCv */ = {
			isa = PBXGroup;
			children = (
				C66571E31C0D202300D88CBE /* src */,
				C66571E51C0D202300D88CBE /* libs */,
				C665720B1C0D202300D88CBE /* opencv.a */,
			);
			name = ofxCv;
			sourceTree = "<group>";
		};
		C66571E31C0D202300D88CBE /* src */ = {
			isa = PBXGroup;
			children = (
				C66571E41C0D202300D88CBE /* ofxCv.h */,
			);
			name = src;
			path = ../../../addons/ofxCv/src;
			sourceTree = "<group>";
		};
		C66571E51C0D202300D88CBE /* libs */ = {
			isa = PBXGroup;
			children = (
				C66571E61C0D202300D88CBE /* .gitignore */,
				C66571E71C0D202300D88CBE /* CLD */,
				C66571F11C0D202300D88CBE /* ofxCv */,
			);
			name = libs;
			path = ../../../addons/ofxCv/libs;
			sourceTree = "<group>";
		};
		C66571E71C0D202300D88CBE /* CLD */ = {
			isa = PBXGroup;
			children = (
				C66571E81C0D202300D88CBE /* include */,
				C66571EE1C0D202300D88CBE /* src */,
			);
			path = CLD;
			sourceTree = "<group>";
		};
		C66571E81C0D202300D88CBE /* include */ = {
			isa = PBXGroup;
			children = (
				C66571E91C0D202300D88CBE /* CLD */,
			);
			path = include;
			sourceTree = "<group>";
		};
		C66571E91C0D202300D88CBE /* CLD */ = {
			isa = PBXGroup;
			children = (
				C66571EA1C0D202300D88CBE /* ETF.h */,
				C66571EB1C0D202300D88CBE /* fdog.h */,
				C66571EC1C0D202300D88CBE /* imatrix.h */,
				C66571ED1C0D202300D88CBE /* myvec.h */,
			);
			path = CLD;
			sourceTree = "<group>";
		};
		C66571EE1C0D202300D88CBE /* src */ = {
			isa = PBXGroup;
			children = (
				C66571EF1C0D202300D88CBE /* ETF.cpp */,
				C66571F01C0D202300D88CBE /* fdog.cpp */,
			);
			path = src;
			sourceTree = "<group>";
		};
		C66571F11C0D202300D88CBE /* ofxCv */ = {
			isa = PBXGroup;
			children = (
				C66571F21C0D202300D88CBE /* include */,
				C66571FF1C0D202300D88CBE /* src */,
			);
			path = ofxCv;
			sourceTree = "<group>";
		};
		C66571F21C0D202300D88CBE /* include */ = {
			isa = PBXGroup;
			children = (
				C66571F31C0D202300D88CBE /* ofxCv */,
			);
			path = include;
			sourceTree = "<group>";
		};
		C66571F31C0D202300D88CBE /* ofxCv */ = {
			isa = PBXGroup;
			children = (
				C66571F41C0D202300D88CBE /* Calibration.h */,
				C66571F51C0D202300D88CBE /* ContourFinder.h */,
				C66571F61C0D202300D88CBE /* Distance.h */,
				C66571F71C0D202300D88CBE /* Flow.h */,
				C66571F81C0D202300D88CBE /* Helpers.h */,
				C66571F91C0D202300D88CBE /* Kalman.h */,
				C66571FA1C0D202300D88CBE /* ObjectFinder.h */,
				C66571FB1C0D202300D88CBE /* RunningBackground.h */,
				C66571FC1C0D202300D88CBE /* Tracker.h */,
				C66571FD1C0D202300D88CBE /* Utilities.h */,
				C66571FE1C0D202300D88CBE /* Wrappers.h */,
			);
			path = ofxCv;
			sourceTree = "<group>";
		};
		C66571FF1C0D202300D88CBE /* src */ = {
			isa = PBXGroup;
			children = (
				C66572001C0D202300D88CBE /* Calibration.cpp */,
				C66572011C0D202300D88CBE /* ContourFinder.cpp */,
				C66572021C0D202300D88CBE /* Distance.cpp */,
				C66572031C0D202300D88CBE /* Flow.cpp */,
				C66572041C0D202300D88CBE /* Helpers.cpp */,
				C66572051C0D202300D88CBE /* Kalman.cpp */,
				C66572061C0D202300D88CBE /* ObjectFinder.cpp */,
				C66572071C0D202300D88CBE /* RunningBackground.cpp */,
				C66572081C0D202300D88CBE /* Tracker.cpp */,
				C66572091C0D202300D88CBE /* Utilities.cpp */,
				C665720A1C0D202300D88CBE /* Wrappers.cpp */,
			);
			path = src;
			sourceTree = "<group>";
		};
		E4328144138ABC890047C5CB /* Products */ = {
			isa = PBXGroup;
			children = (
				E4328148138ABC890047C5CB /* openFrameworksDebug.a */,
			);
			name = Products;
			sourceTree = "<group>";
		};
		E4B69B4A0A3A1720003C02F2 = {
			isa = PBXGroup;
			children = (
				E4B6FCAD0C3E899E008CF71C /* openFrameworks-Info.plist */,
				E4EB6923138AFD0F00A09F29 /* Project.xcconfig */,
				E4B69E1C0A3A1BDC003C02F2 /* src */,
				E4EEC9E9138DF44700A80321 /* openFrameworks */,
				BB4B014C10F69532006C3DED /* addons */,
				6948EE371B920CB800B5AC1A /* local_addons */,
				E4B69B5B0A3A1756003C02F2 /* ofFinalDebug.app */,
			);
			sourceTree = "<group>";
		};
		E4B69E1C0A3A1BDC003C02F2 /* src */ = {
			isa = PBXGroup;
			children = (
				E4B69E1D0A3A1BDC003C02F2 /* main.cpp */,
				E4B69E1E0A3A1BDC003C02F2 /* ofApp.cpp */,
				E4B69E1F0A3A1BDC003C02F2 /* ofApp.h */,
			);
			path = src;
			sourceTree = SOURCE_ROOT;
		};
		E4EEC9E9138DF44700A80321 /* openFrameworks */ = {
			isa = PBXGroup;
			children = (
				E4EB691F138AFCF100A09F29 /* CoreOF.xcconfig */,
				E4328143138ABC890047C5CB /* openFrameworksLib.xcodeproj */,
			);
			name = openFrameworks;
			sourceTree = "<group>";
		};
		E98B41DCE24F6EE3FAFB16AE /* FaceTracker */ = {
			isa = PBXGroup;
			children = (
				D6D617703C368FA860A714A8 /* CLM.h */,
				5034E204517C46FCBAB26BB3 /* FCheck.h */,
				4A520FABAFEBECF618A87D91 /* FDet.h */,
				19660B42DF06415007708495 /* IO.h */,
				E5ACB6B21FDA44C9B21F2B5D /* Patch.h */,
				4ED0189D042D221948271DA2 /* PAW.h */,
				C85A383D09885563499FA901 /* PDM.h */,
				E45FD4B5C40A57B52BBDF8FE /* Tracker.h */,
			);
			name = FaceTracker;
			sourceTree = "<group>";
		};
		EE1E8A73C6C6A1D433F5FA51 /* src */ = {
			isa = PBXGroup;
			children = (
				4A540C8561D44FEEAF5641D0 /* Expression.cpp */,
				F770DA84DFD6BF6A87C2A1BA /* Expression.h */,
				C4F6F873496C3527A28B87F4 /* ExpressionClassifier.cpp */,
				D7FC0C82351EE2E8ED7786B0 /* ExpressionClassifier.h */,
				185BB9B07B8DB74BD2D3211F /* ofxFaceTracker.cpp */,
				9983B45C4BCBC6E62F11CA89 /* ofxFaceTracker.h */,
				BC378899A000AA03D8319C6D /* ofxFaceTrackerThreaded.h */,
			);
			name = src;
			sourceTree = "<group>";
		};
		EE7AB71CA23FB7FF1C5A1E69 /* src */ = {
			isa = PBXGroup;
			children = (
				74312553B85B0FAC32207F8A /* lib */,
			);
			name = src;
			sourceTree = "<group>";
		};
		FA7DE18CAD263BF5D191DB1B /* include */ = {
			isa = PBXGroup;
			children = (
				E98B41DCE24F6EE3FAFB16AE /* FaceTracker */,
			);
			name = include;
			sourceTree = "<group>";
		};
/* End PBXGroup section */

/* Begin PBXNativeTarget section */
		E4B69B5A0A3A1756003C02F2 /* ofFinal */ = {
			isa = PBXNativeTarget;
			buildConfigurationList = E4B69B5F0A3A1757003C02F2 /* Build configuration list for PBXNativeTarget "ofFinal" */;
			buildPhases = (
				E4B69B580A3A1756003C02F2 /* Sources */,
				E4B69B590A3A1756003C02F2 /* Frameworks */,
				E4B6FFFD0C3F9AB9008CF71C /* ShellScript */,
				E4C2427710CC5ABF004149E2 /* CopyFiles */,
			);
			buildRules = (
			);
			dependencies = (
				E4EEB9AC138B136A00A80321 /* PBXTargetDependency */,
			);
			name = ofFinal;
			productName = myOFApp;
			productReference = E4B69B5B0A3A1756003C02F2 /* ofFinalDebug.app */;
			productType = "com.apple.product-type.application";
		};
/* End PBXNativeTarget section */

/* Begin PBXProject section */
		E4B69B4C0A3A1720003C02F2 /* Project object */ = {
			isa = PBXProject;
			attributes = {
				LastUpgradeCheck = 0600;
			};
			buildConfigurationList = E4B69B4D0A3A1720003C02F2 /* Build configuration list for PBXProject "ofFinal" */;
			compatibilityVersion = "Xcode 3.2";
			developmentRegion = English;
			hasScannedForEncodings = 0;
			knownRegions = (
				English,
				Japanese,
				French,
				German,
			);
			mainGroup = E4B69B4A0A3A1720003C02F2;
			productRefGroup = E4B69B4A0A3A1720003C02F2;
			projectDirPath = "";
			projectReferences = (
				{
					ProductGroup = E4328144138ABC890047C5CB /* Products */;
					ProjectRef = E4328143138ABC890047C5CB /* openFrameworksLib.xcodeproj */;
				},
			);
			projectRoot = "";
			targets = (
				E4B69B5A0A3A1756003C02F2 /* ofFinal */,
			);
		};
/* End PBXProject section */

/* Begin PBXReferenceProxy section */
		E4328148138ABC890047C5CB /* openFrameworksDebug.a */ = {
			isa = PBXReferenceProxy;
			fileType = archive.ar;
			path = openFrameworksDebug.a;
			remoteRef = E4328147138ABC890047C5CB /* PBXContainerItemProxy */;
			sourceTree = BUILT_PRODUCTS_DIR;
		};
/* End PBXReferenceProxy section */

/* Begin PBXShellScriptBuildPhase section */
		E4B6FFFD0C3F9AB9008CF71C /* ShellScript */ = {
			isa = PBXShellScriptBuildPhase;
			buildActionMask = 2147483647;
			files = (
			);
			inputPaths = (
			);
			outputPaths = (
			);
			runOnlyForDeploymentPostprocessing = 0;
			shellPath = /bin/sh;
			shellScript = "rsync -aved ../../../libs/fmodex/lib/osx/libfmodex.dylib \"$TARGET_BUILD_DIR/$PRODUCT_NAME.app/Contents/MacOS/\"; install_name_tool -change ./libfmodex.dylib @executable_path/libfmodex.dylib \"$TARGET_BUILD_DIR/$PRODUCT_NAME.app/Contents/MacOS/$PRODUCT_NAME\";\nmkdir -p \"$TARGET_BUILD_DIR/$PRODUCT_NAME.app/Contents/Resources/\"\nrsync -aved \"$ICON_FILE\" \"$TARGET_BUILD_DIR/$PRODUCT_NAME.app/Contents/Resources/\"\nrsync -aved ../../../libs/glut/lib/osx/GLUT.framework \"$TARGET_BUILD_DIR/$PRODUCT_NAME.app/Contents/Frameworks/\"\n";
		};
/* End PBXShellScriptBuildPhase section */

/* Begin PBXSourcesBuildPhase section */
		E4B69B580A3A1756003C02F2 /* Sources */ = {
			isa = PBXSourcesBuildPhase;
			buildActionMask = 2147483647;
			files = (
				C66572141C0D202300D88CBE /* ObjectFinder.cpp in Sources */,
				E4B69E200A3A1BDC003C02F2 /* main.cpp in Sources */,
				E4B69E210A3A1BDC003C02F2 /* ofApp.cpp in Sources */,
				F451166A6C72528F3F009F6C /* Expression.cpp in Sources */,
				8AC885FBC5325950337592D2 /* ExpressionClassifier.cpp in Sources */,
				24735CD2E138DC5C1F0A1085 /* ofxFaceTracker.cpp in Sources */,
				80AE40254BBE0F03C25563C1 /* CLM.cc in Sources */,
				9F4DA577D30F7B7CA7B8E5F8 /* FCheck.cc in Sources */,
				C66572121C0D202300D88CBE /* Helpers.cpp in Sources */,
				C665720C1C0D202300D88CBE /* ETF.cpp in Sources */,
				C665720E1C0D202300D88CBE /* Calibration.cpp in Sources */,
				C665720D1C0D202300D88CBE /* fdog.cpp in Sources */,
				6E23C8DD86B189759F85B24F /* FDet.cc in Sources */,
				DE44164709810C299EAAB202 /* IO.cc in Sources */,
				C66572161C0D202300D88CBE /* Tracker.cpp in Sources */,
				C66572151C0D202300D88CBE /* RunningBackground.cpp in Sources */,
				C665720F1C0D202300D88CBE /* ContourFinder.cpp in Sources */,
				4F02F4D92C36436C945A6716 /* Patch.cc in Sources */,
				091CD626FECB03B3A6B3A1B2 /* PAW.cc in Sources */,
				C66572101C0D202300D88CBE /* Distance.cpp in Sources */,
				E6E21460246219EE9394310F /* PDM.cc in Sources */,
				C66572111C0D202300D88CBE /* Flow.cpp in Sources */,
				E43C5A4AB73C09290F70362D /* Tracker.cc in Sources */,
				C66572181C0D202300D88CBE /* Wrappers.cpp in Sources */,
				C66572131C0D202300D88CBE /* Kalman.cpp in Sources */,
				C66572171C0D202300D88CBE /* Utilities.cpp in Sources */,
			);
			runOnlyForDeploymentPostprocessing = 0;
		};
/* End PBXSourcesBuildPhase section */

/* Begin PBXTargetDependency section */
		E4EEB9AC138B136A00A80321 /* PBXTargetDependency */ = {
			isa = PBXTargetDependency;
			name = openFrameworks;
			targetProxy = E4EEB9AB138B136A00A80321 /* PBXContainerItemProxy */;
		};
/* End PBXTargetDependency section */

/* Begin XCBuildConfiguration section */
		E4B69B4E0A3A1720003C02F2 /* Debug */ = {
			isa = XCBuildConfiguration;
			baseConfigurationReference = E4EB6923138AFD0F00A09F29 /* Project.xcconfig */;
			buildSettings = {
				CONFIGURATION_BUILD_DIR = "$(SRCROOT)/bin/";
				COPY_PHASE_STRIP = NO;
				DEAD_CODE_STRIPPING = YES;
				GCC_AUTO_VECTORIZATION = YES;
				GCC_ENABLE_SSE3_EXTENSIONS = YES;
				GCC_ENABLE_SUPPLEMENTAL_SSE3_INSTRUCTIONS = YES;
				GCC_INLINES_ARE_PRIVATE_EXTERN = NO;
				GCC_OPTIMIZATION_LEVEL = 0;
				GCC_SYMBOLS_PRIVATE_EXTERN = NO;
				GCC_WARN_ABOUT_DEPRECATED_FUNCTIONS = YES;
				GCC_WARN_ABOUT_INVALID_OFFSETOF_MACRO = NO;
				GCC_WARN_ALLOW_INCOMPLETE_PROTOCOL = NO;
				GCC_WARN_UNINITIALIZED_AUTOS = NO;
				GCC_WARN_UNUSED_VALUE = NO;
				GCC_WARN_UNUSED_VARIABLE = NO;
				HEADER_SEARCH_PATHS = (
					"$(OF_CORE_HEADERS)",
					../../../addons/ofxFaceTracker/libs,
					../../../addons/ofxFaceTracker/libs/FaceTracker,
					../../../addons/ofxFaceTracker/libs/FaceTracker/include,
					../../../addons/ofxFaceTracker/libs/FaceTracker/include/FaceTracker,
					../../../addons/ofxFaceTracker/libs/FaceTracker/model,
					../../../addons/ofxFaceTracker/libs/FaceTracker/src,
					../../../addons/ofxFaceTracker/libs/FaceTracker/src/lib,
					../../../addons/ofxFaceTracker/src,
					../../../addons/ofxOpenCv/libs,
					../../../addons/ofxOpenCv/libs/opencv,
					../../../addons/ofxOpenCv/libs/opencv/include,
					../../../addons/ofxOpenCv/libs/opencv/include/opencv,
					../../../addons/ofxOpenCv/libs/opencv/include/opencv2,
					../../../addons/ofxOpenCv/libs/opencv/include/opencv2/calib3d,
					../../../addons/ofxOpenCv/libs/opencv/include/opencv2/contrib,
					../../../addons/ofxOpenCv/libs/opencv/include/opencv2/core,
					../../../addons/ofxOpenCv/libs/opencv/include/opencv2/features2d,
					../../../addons/ofxOpenCv/libs/opencv/include/opencv2/flann,
					../../../addons/ofxOpenCv/libs/opencv/include/opencv2/gpu,
					../../../addons/ofxOpenCv/libs/opencv/include/opencv2/gpu/device,
					../../../addons/ofxOpenCv/libs/opencv/include/opencv2/gpu/device/detail,
					../../../addons/ofxOpenCv/libs/opencv/include/opencv2/highgui,
					../../../addons/ofxOpenCv/libs/opencv/include/opencv2/imgproc,
					../../../addons/ofxOpenCv/libs/opencv/include/opencv2/legacy,
					../../../addons/ofxOpenCv/libs/opencv/include/opencv2/ml,
					../../../addons/ofxOpenCv/libs/opencv/include/opencv2/nonfree,
					../../../addons/ofxOpenCv/libs/opencv/include/opencv2/objdetect,
					../../../addons/ofxOpenCv/libs/opencv/include/opencv2/photo,
					../../../addons/ofxOpenCv/libs/opencv/include/opencv2/stitching,
					../../../addons/ofxOpenCv/libs/opencv/include/opencv2/stitching/detail,
					../../../addons/ofxOpenCv/libs/opencv/include/opencv2/superres,
					../../../addons/ofxOpenCv/libs/opencv/include/opencv2/ts,
					../../../addons/ofxOpenCv/libs/opencv/include/opencv2/video,
					../../../addons/ofxOpenCv/libs/opencv/include/opencv2/videostab,
					../../../addons/ofxOpenCv/libs/opencv/lib,
					../../../addons/ofxOpenCv/libs/opencv/lib/emscripten,
					../../../addons/ofxOpenCv/libs/opencv/lib/osx,
					../../../addons/ofxOpenCv/libs/opencv/license,
					../../../addons/ofxOpenCv/src,
				);
				MACOSX_DEPLOYMENT_TARGET = 10.8;
				ONLY_ACTIVE_ARCH = YES;
				OTHER_CPLUSPLUSFLAGS = (
					"-D__MACOSX_CORE__",
					"-mtune=native",
				);
				OTHER_LDFLAGS = (
					"$(OF_CORE_FRAMEWORKS)",
					"$(OF_CORE_LIBS)",
					../../../addons/ofxOpenCv/libs/opencv/lib/osx/opencv.a,
				);
				SDKROOT = macosx;
			};
			name = Debug;
		};
		E4B69B4F0A3A1720003C02F2 /* Release */ = {
			isa = XCBuildConfiguration;
			baseConfigurationReference = E4EB6923138AFD0F00A09F29 /* Project.xcconfig */;
			buildSettings = {
				CONFIGURATION_BUILD_DIR = "$(SRCROOT)/bin/";
				COPY_PHASE_STRIP = YES;
				DEAD_CODE_STRIPPING = YES;
				GCC_AUTO_VECTORIZATION = YES;
				GCC_ENABLE_SSE3_EXTENSIONS = YES;
				GCC_ENABLE_SUPPLEMENTAL_SSE3_INSTRUCTIONS = YES;
				GCC_INLINES_ARE_PRIVATE_EXTERN = NO;
				GCC_OPTIMIZATION_LEVEL = 3;
				GCC_SYMBOLS_PRIVATE_EXTERN = NO;
				GCC_UNROLL_LOOPS = YES;
				GCC_WARN_ABOUT_DEPRECATED_FUNCTIONS = YES;
				GCC_WARN_ABOUT_INVALID_OFFSETOF_MACRO = NO;
				GCC_WARN_ALLOW_INCOMPLETE_PROTOCOL = NO;
				GCC_WARN_UNINITIALIZED_AUTOS = NO;
				GCC_WARN_UNUSED_VALUE = NO;
				GCC_WARN_UNUSED_VARIABLE = NO;
				HEADER_SEARCH_PATHS = (
					"$(OF_CORE_HEADERS)",
					../../../addons/ofxFaceTracker/libs,
					../../../addons/ofxFaceTracker/libs/FaceTracker,
					../../../addons/ofxFaceTracker/libs/FaceTracker/include,
					../../../addons/ofxFaceTracker/libs/FaceTracker/include/FaceTracker,
					../../../addons/ofxFaceTracker/libs/FaceTracker/model,
					../../../addons/ofxFaceTracker/libs/FaceTracker/src,
					../../../addons/ofxFaceTracker/libs/FaceTracker/src/lib,
					../../../addons/ofxFaceTracker/src,
					../../../addons/ofxOpenCv/libs,
					../../../addons/ofxOpenCv/libs/opencv,
					../../../addons/ofxOpenCv/libs/opencv/include,
					../../../addons/ofxOpenCv/libs/opencv/include/opencv,
					../../../addons/ofxOpenCv/libs/opencv/include/opencv2,
					../../../addons/ofxOpenCv/libs/opencv/include/opencv2/calib3d,
					../../../addons/ofxOpenCv/libs/opencv/include/opencv2/contrib,
					../../../addons/ofxOpenCv/libs/opencv/include/opencv2/core,
					../../../addons/ofxOpenCv/libs/opencv/include/opencv2/features2d,
					../../../addons/ofxOpenCv/libs/opencv/include/opencv2/flann,
					../../../addons/ofxOpenCv/libs/opencv/include/opencv2/gpu,
					../../../addons/ofxOpenCv/libs/opencv/include/opencv2/gpu/device,
					../../../addons/ofxOpenCv/libs/opencv/include/opencv2/gpu/device/detail,
					../../../addons/ofxOpenCv/libs/opencv/include/opencv2/highgui,
					../../../addons/ofxOpenCv/libs/opencv/include/opencv2/imgproc,
					../../../addons/ofxOpenCv/libs/opencv/include/opencv2/legacy,
					../../../addons/ofxOpenCv/libs/opencv/include/opencv2/ml,
					../../../addons/ofxOpenCv/libs/opencv/include/opencv2/nonfree,
					../../../addons/ofxOpenCv/libs/opencv/include/opencv2/objdetect,
					../../../addons/ofxOpenCv/libs/opencv/include/opencv2/photo,
					../../../addons/ofxOpenCv/libs/opencv/include/opencv2/stitching,
					../../../addons/ofxOpenCv/libs/opencv/include/opencv2/stitching/detail,
					../../../addons/ofxOpenCv/libs/opencv/include/opencv2/superres,
					../../../addons/ofxOpenCv/libs/opencv/include/opencv2/ts,
					../../../addons/ofxOpenCv/libs/opencv/include/opencv2/video,
					../../../addons/ofxOpenCv/libs/opencv/include/opencv2/videostab,
					../../../addons/ofxOpenCv/libs/opencv/lib,
					../../../addons/ofxOpenCv/libs/opencv/lib/emscripten,
					../../../addons/ofxOpenCv/libs/opencv/lib/osx,
					../../../addons/ofxOpenCv/libs/opencv/license,
					../../../addons/ofxOpenCv/src,
				);
				MACOSX_DEPLOYMENT_TARGET = 10.8;
				OTHER_CPLUSPLUSFLAGS = (
					"-D__MACOSX_CORE__",
					"-mtune=native",
				);
				OTHER_LDFLAGS = (
					"$(OF_CORE_FRAMEWORKS)",
					"$(OF_CORE_LIBS)",
					../../../addons/ofxOpenCv/libs/opencv/lib/osx/opencv.a,
				);
				SDKROOT = macosx;
			};
			name = Release;
		};
		E4B69B600A3A1757003C02F2 /* Debug */ = {
			isa = XCBuildConfiguration;
			baseConfigurationReference = E4EB6923138AFD0F00A09F29 /* Project.xcconfig */;
			buildSettings = {
				COMBINE_HIDPI_IMAGES = YES;
				COPY_PHASE_STRIP = NO;
				FRAMEWORK_SEARCH_PATHS = (
					"$(inherited)",
					"$(FRAMEWORK_SEARCH_PATHS_QUOTED_FOR_TARGET_1)",
				);
				FRAMEWORK_SEARCH_PATHS_QUOTED_FOR_TARGET_1 = "\"$(SRCROOT)/../../../libs/glut/lib/osx\"";
				GCC_DYNAMIC_NO_PIC = NO;
				GCC_GENERATE_DEBUGGING_SYMBOLS = YES;
				GCC_MODEL_TUNING = NONE;
				HEADER_SEARCH_PATHS = (
					"$(OF_CORE_HEADERS)",
					../../../addons/ofxFaceTracker/libs,
					../../../addons/ofxFaceTracker/libs/FaceTracker,
					../../../addons/ofxFaceTracker/libs/FaceTracker/include,
					../../../addons/ofxFaceTracker/libs/FaceTracker/include/FaceTracker,
					../../../addons/ofxFaceTracker/libs/FaceTracker/model,
					../../../addons/ofxFaceTracker/libs/FaceTracker/src,
					../../../addons/ofxFaceTracker/libs/FaceTracker/src/lib,
					../../../addons/ofxFaceTracker/src,
					../../../addons/ofxOpenCv/libs,
					../../../addons/ofxOpenCv/libs/opencv,
					../../../addons/ofxOpenCv/libs/opencv/include,
					../../../addons/ofxOpenCv/libs/opencv/include/opencv,
					../../../addons/ofxOpenCv/libs/opencv/include/opencv2,
					../../../addons/ofxOpenCv/libs/opencv/include/opencv2/calib3d,
					../../../addons/ofxOpenCv/libs/opencv/include/opencv2/contrib,
					../../../addons/ofxOpenCv/libs/opencv/include/opencv2/core,
					../../../addons/ofxOpenCv/libs/opencv/include/opencv2/features2d,
					../../../addons/ofxOpenCv/libs/opencv/include/opencv2/flann,
					../../../addons/ofxOpenCv/libs/opencv/include/opencv2/gpu,
					../../../addons/ofxOpenCv/libs/opencv/include/opencv2/gpu/device,
					../../../addons/ofxOpenCv/libs/opencv/include/opencv2/gpu/device/detail,
					../../../addons/ofxOpenCv/libs/opencv/include/opencv2/highgui,
					../../../addons/ofxOpenCv/libs/opencv/include/opencv2/imgproc,
					../../../addons/ofxOpenCv/libs/opencv/include/opencv2/legacy,
					../../../addons/ofxOpenCv/libs/opencv/include/opencv2/ml,
					../../../addons/ofxOpenCv/libs/opencv/include/opencv2/nonfree,
					../../../addons/ofxOpenCv/libs/opencv/include/opencv2/objdetect,
					../../../addons/ofxOpenCv/libs/opencv/include/opencv2/photo,
					../../../addons/ofxOpenCv/libs/opencv/include/opencv2/stitching,
					../../../addons/ofxOpenCv/libs/opencv/include/opencv2/stitching/detail,
					../../../addons/ofxOpenCv/libs/opencv/include/opencv2/superres,
					../../../addons/ofxOpenCv/libs/opencv/include/opencv2/ts,
					../../../addons/ofxOpenCv/libs/opencv/include/opencv2/video,
					../../../addons/ofxOpenCv/libs/opencv/include/opencv2/videostab,
					../../../addons/ofxOpenCv/libs/opencv/lib,
					../../../addons/ofxOpenCv/libs/opencv/lib/emscripten,
					../../../addons/ofxOpenCv/libs/opencv/lib/osx,
					../../../addons/ofxOpenCv/libs/opencv/license,
					../../../addons/ofxOpenCv/src,
				);
				ICON = "$(ICON_NAME_DEBUG)";
				ICON_FILE = "$(ICON_FILE_PATH)$(ICON)";
				INFOPLIST_FILE = "openFrameworks-Info.plist";
				INSTALL_PATH = "$(HOME)/Applications";
				LIBRARY_SEARCH_PATHS = "$(inherited)";
				OTHER_LDFLAGS = (
					"$(OF_CORE_FRAMEWORKS)",
					"$(OF_CORE_LIBS)",
					../../../addons/ofxOpenCv/libs/opencv/lib/osx/opencv.a,
				);
				PRODUCT_NAME = "$(TARGET_NAME)Debug";
				USER_HEADER_SEARCH_PATHS = "../../../addons/ofxCv/libs/ofxCv/include/ ../../../addons/ofxCv/../ofxOpenCv/libs/opencv/include ../../../addons/ofxCv/libs/CLD/include/";
				WRAPPER_EXTENSION = app;
			};
			name = Debug;
		};
		E4B69B610A3A1757003C02F2 /* Release */ = {
			isa = XCBuildConfiguration;
			baseConfigurationReference = E4EB6923138AFD0F00A09F29 /* Project.xcconfig */;
			buildSettings = {
				COMBINE_HIDPI_IMAGES = YES;
				COPY_PHASE_STRIP = YES;
				FRAMEWORK_SEARCH_PATHS = (
					"$(inherited)",
					"$(FRAMEWORK_SEARCH_PATHS_QUOTED_FOR_TARGET_1)",
				);
				FRAMEWORK_SEARCH_PATHS_QUOTED_FOR_TARGET_1 = "\"$(SRCROOT)/../../../libs/glut/lib/osx\"";
				GCC_GENERATE_DEBUGGING_SYMBOLS = YES;
				GCC_MODEL_TUNING = NONE;
				HEADER_SEARCH_PATHS = (
					"$(OF_CORE_HEADERS)",
					../../../addons/ofxFaceTracker/libs,
					../../../addons/ofxFaceTracker/libs/FaceTracker,
					../../../addons/ofxFaceTracker/libs/FaceTracker/include,
					../../../addons/ofxFaceTracker/libs/FaceTracker/include/FaceTracker,
					../../../addons/ofxFaceTracker/libs/FaceTracker/model,
					../../../addons/ofxFaceTracker/libs/FaceTracker/src,
					../../../addons/ofxFaceTracker/libs/FaceTracker/src/lib,
					../../../addons/ofxFaceTracker/src,
					../../../addons/ofxOpenCv/libs,
					../../../addons/ofxOpenCv/libs/opencv,
					../../../addons/ofxOpenCv/libs/opencv/include,
					../../../addons/ofxOpenCv/libs/opencv/include/opencv,
					../../../addons/ofxOpenCv/libs/opencv/include/opencv2,
					../../../addons/ofxOpenCv/libs/opencv/include/opencv2/calib3d,
					../../../addons/ofxOpenCv/libs/opencv/include/opencv2/contrib,
					../../../addons/ofxOpenCv/libs/opencv/include/opencv2/core,
					../../../addons/ofxOpenCv/libs/opencv/include/opencv2/features2d,
					../../../addons/ofxOpenCv/libs/opencv/include/opencv2/flann,
					../../../addons/ofxOpenCv/libs/opencv/include/opencv2/gpu,
					../../../addons/ofxOpenCv/libs/opencv/include/opencv2/gpu/device,
					../../../addons/ofxOpenCv/libs/opencv/include/opencv2/gpu/device/detail,
					../../../addons/ofxOpenCv/libs/opencv/include/opencv2/highgui,
					../../../addons/ofxOpenCv/libs/opencv/include/opencv2/imgproc,
					../../../addons/ofxOpenCv/libs/opencv/include/opencv2/legacy,
					../../../addons/ofxOpenCv/libs/opencv/include/opencv2/ml,
					../../../addons/ofxOpenCv/libs/opencv/include/opencv2/nonfree,
					../../../addons/ofxOpenCv/libs/opencv/include/opencv2/objdetect,
					../../../addons/ofxOpenCv/libs/opencv/include/opencv2/photo,
					../../../addons/ofxOpenCv/libs/opencv/include/opencv2/stitching,
					../../../addons/ofxOpenCv/libs/opencv/include/opencv2/stitching/detail,
					../../../addons/ofxOpenCv/libs/opencv/include/opencv2/superres,
					../../../addons/ofxOpenCv/libs/opencv/include/opencv2/ts,
					../../../addons/ofxOpenCv/libs/opencv/include/opencv2/video,
					../../../addons/ofxOpenCv/libs/opencv/include/opencv2/videostab,
					../../../addons/ofxOpenCv/libs/opencv/lib,
					../../../addons/ofxOpenCv/libs/opencv/lib/emscripten,
					../../../addons/ofxOpenCv/libs/opencv/lib/osx,
					../../../addons/ofxOpenCv/libs/opencv/license,
					../../../addons/ofxOpenCv/src,
				);
				ICON = "$(ICON_NAME_RELEASE)";
				ICON_FILE = "$(ICON_FILE_PATH)$(ICON)";
				INFOPLIST_FILE = "openFrameworks-Info.plist";
				INSTALL_PATH = "$(HOME)/Applications";
				LIBRARY_SEARCH_PATHS = "$(inherited)";
				OTHER_LDFLAGS = (
					"$(OF_CORE_FRAMEWORKS)",
					"$(OF_CORE_LIBS)",
					../../../addons/ofxOpenCv/libs/opencv/lib/osx/opencv.a,
				);
				PRODUCT_NAME = "$(TARGET_NAME)";
				USER_HEADER_SEARCH_PATHS = "../../../addons/ofxCv/libs/ofxCv/include/ ../../../addons/ofxCv/../ofxOpenCv/libs/opencv/include ../../../addons/ofxCv/libs/CLD/include/";
				WRAPPER_EXTENSION = app;
				baseConfigurationReference = E4EB6923138AFD0F00A09F29;
			};
			name = Release;
		};
/* End XCBuildConfiguration section */

/* Begin XCConfigurationList section */
		E4B69B4D0A3A1720003C02F2 /* Build configuration list for PBXProject "ofFinal" */ = {
			isa = XCConfigurationList;
			buildConfigurations = (
				E4B69B4E0A3A1720003C02F2 /* Debug */,
				E4B69B4F0A3A1720003C02F2 /* Release */,
			);
			defaultConfigurationIsVisible = 0;
			defaultConfigurationName = Release;
		};
		E4B69B5F0A3A1757003C02F2 /* Build configuration list for PBXNativeTarget "ofFinal" */ = {
			isa = XCConfigurationList;
			buildConfigurations = (
				E4B69B600A3A1757003C02F2 /* Debug */,
				E4B69B610A3A1757003C02F2 /* Release */,
			);
			defaultConfigurationIsVisible = 0;
			defaultConfigurationName = Release;
		};
/* End XCConfigurationList section */
	};
	rootObject = E4B69B4C0A3A1720003C02F2 /* Project object */;
}
